
Microsoft Visual Studio Solution File, Format Version 12.00
# Visual Studio Version 17
VisualStudioVersion = 17.14.36623.8 d17.14
MinimumVisualStudioVersion = 10.0.40219.1
Project("{FAE04EC0-301F-11D3-BF4B-00C04F79EFBC}") = "HotelValidator", "HotelValidator\HotelValidator.csproj", "{8C58F894-EFD7-4096-AB64-C0A302A99031}"
EndProject
Global
	GlobalSection(SolutionConfigurationPlatforms) = preSolution
		Debug|Any CPU = Debug|Any CPU
		Release|Any CPU = Release|Any CPU
	EndGlobalSection
	GlobalSection(ProjectConfigurationPlatforms) = postSolution
		{8C58F894-EFD7-4096-AB64-C0A302A99031}.Debug|Any CPU.ActiveCfg = Debug|Any CPU
		{8C58F894-EFD7-4096-AB64-C0A302A99031}.Debug|Any CPU.Build.0 = Debug|Any CPU
		{8C58F894-EFD7-4096-AB64-C0A302A99031}.Release|Any CPU.ActiveCfg = Release|Any CPU
		{8C58F894-EFD7-4096-AB64-C0A302A99031}.Release|Any CPU.Build.0 = Release|Any CPU
	EndGlobalSection
	GlobalSection(SolutionProperties) = preSolution
		HideSolutionNode = FALSE
	EndGlobalSection
	GlobalSection(ExtensibilityGlobals) = postSolution
		SolutionGuid = {C193D7D2-40D8-45C2-B440-AF42EC4A1385}
	EndGlobalSection
EndGlobal
